
Microsoft Visual Studio Solution File, Format Version 12.00
# Visual Studio 15
VisualStudioVersion = 15.0.26124.0
MinimumVisualStudioVersion = 15.0.26124.0
Project("{F2A71F9B-5D33-465A-A702-920D77279786}") = "Qwantalabs.DummyAssembly", "Qwantalabs.DummyAssembly\Qwantalabs.DummyAssembly.fsproj", "{D16DB785-AEA3-4628-9ABE-7F7B996B695D}"
EndProject
Project("{F2A71F9B-5D33-465A-A702-920D77279786}") = "Qwantalabs.LoadAssemblies", "Qwantalabs.LoadAssemblies\Qwantalabs.LoadAssemblies.fsproj", "{07A63334-A246-44F8-AC85-D96328760491}"
EndProject
Global
	GlobalSection(SolutionConfigurationPlatforms) = preSolution
		Debug|Any CPU = Debug|Any CPU
		Debug|x64 = Debug|x64
		Debug|x86 = Debug|x86
		Release|Any CPU = Release|Any CPU
		Release|x64 = Release|x64
		Release|x86 = Release|x86
	EndGlobalSection
	GlobalSection(SolutionProperties) = preSolution
		HideSolutionNode = FALSE
	EndGlobalSection
	GlobalSection(ProjectConfigurationPlatforms) = postSolution
		{D16DB785-AEA3-4628-9ABE-7F7B996B695D}.Debug|Any CPU.ActiveCfg = Debug|Any CPU
		{D16DB785-AEA3-4628-9ABE-7F7B996B695D}.Debug|Any CPU.Build.0 = Debug|Any CPU
		{D16DB785-AEA3-4628-9ABE-7F7B996B695D}.Debug|x64.ActiveCfg = Debug|Any CPU
		{D16DB785-AEA3-4628-9ABE-7F7B996B695D}.Debug|x64.Build.0 = Debug|Any CPU
		{D16DB785-AEA3-4628-9ABE-7F7B996B695D}.Debug|x86.ActiveCfg = Debug|Any CPU
		{D16DB785-AEA3-4628-9ABE-7F7B996B695D}.Debug|x86.Build.0 = Debug|Any CPU
		{D16DB785-AEA3-4628-9ABE-7F7B996B695D}.Release|Any CPU.ActiveCfg = Release|Any CPU
		{D16DB785-AEA3-4628-9ABE-7F7B996B695D}.Release|Any CPU.Build.0 = Release|Any CPU
		{D16DB785-AEA3-4628-9ABE-7F7B996B695D}.Release|x64.ActiveCfg = Release|Any CPU
		{D16DB785-AEA3-4628-9ABE-7F7B996B695D}.Release|x64.Build.0 = Release|Any CPU
		{D16DB785-AEA3-4628-9ABE-7F7B996B695D}.Release|x86.ActiveCfg = Release|Any CPU
		{D16DB785-AEA3-4628-9ABE-7F7B996B695D}.Release|x86.Build.0 = Release|Any CPU
		{07A63334-A246-44F8-AC85-D96328760491}.Debug|Any CPU.ActiveCfg = Debug|Any CPU
		{07A63334-A246-44F8-AC85-D96328760491}.Debug|Any CPU.Build.0 = Debug|Any CPU
		{07A63334-A246-44F8-AC85-D96328760491}.Debug|x64.ActiveCfg = Debug|Any CPU
		{07A63334-A246-44F8-AC85-D96328760491}.Debug|x64.Build.0 = Debug|Any CPU
		{07A63334-A246-44F8-AC85-D96328760491}.Debug|x86.ActiveCfg = Debug|Any CPU
		{07A63334-A246-44F8-AC85-D96328760491}.Debug|x86.Build.0 = Debug|Any CPU
		{07A63334-A246-44F8-AC85-D96328760491}.Release|Any CPU.ActiveCfg = Release|Any CPU
		{07A63334-A246-44F8-AC85-D96328760491}.Release|Any CPU.Build.0 = Release|Any CPU
		{07A63334-A246-44F8-AC85-D96328760491}.Release|x64.ActiveCfg = Release|Any CPU
		{07A63334-A246-44F8-AC85-D96328760491}.Release|x64.Build.0 = Release|Any CPU
		{07A63334-A246-44F8-AC85-D96328760491}.Release|x86.ActiveCfg = Release|Any CPU
		{07A63334-A246-44F8-AC85-D96328760491}.Release|x86.Build.0 = Release|Any CPU
	EndGlobalSection
EndGlobal
